
Microsoft Visual Studio Solution File, Format Version 12.00
# Visual Studio Version 16
VisualStudioVersion = 16.0.30320.27
MinimumVisualStudioVersion = 10.0.40219.1
Project("{9A19103F-16F7-4668-BE54-9A1E7A4F7556}") = "DSA", "DSA\DSA.csproj", "{A1BB033B-0C43-4A89-BC0A-826F24B5EA87}"
EndProject
Project("{9A19103F-16F7-4668-BE54-9A1E7A4F7556}") = "Util", "..\Util\Util\Util.csproj", "{AA344716-14F9-4B4E-9EA0-E3A6FBC00543}"
EndProject
Global
	GlobalSection(SolutionConfigurationPlatforms) = preSolution
		Debug|Any CPU = Debug|Any CPU
		Release|Any CPU = Release|Any CPU
	EndGlobalSection
	GlobalSection(ProjectConfigurationPlatforms) = postSolution
		{A1BB033B-0C43-4A89-BC0A-826F24B5EA87}.Debug|Any CPU.ActiveCfg = Debug|Any CPU
		{A1BB033B-0C43-4A89-BC0A-826F24B5EA87}.Debug|Any CPU.Build.0 = Debug|Any CPU
		{A1BB033B-0C43-4A89-BC0A-826F24B5EA87}.Release|Any CPU.ActiveCfg = Release|Any CPU
		{A1BB033B-0C43-4A89-BC0A-826F24B5EA87}.Release|Any CPU.Build.0 = Release|Any CPU
		{AA344716-14F9-4B4E-9EA0-E3A6FBC00543}.Debug|Any CPU.ActiveCfg = Debug|Any CPU
		{AA344716-14F9-4B4E-9EA0-E3A6FBC00543}.Debug|Any CPU.Build.0 = Debug|Any CPU
		{AA344716-14F9-4B4E-9EA0-E3A6FBC00543}.Release|Any CPU.ActiveCfg = Release|Any CPU
		{AA344716-14F9-4B4E-9EA0-E3A6FBC00543}.Release|Any CPU.Build.0 = Release|Any CPU
	EndGlobalSection
	GlobalSection(SolutionProperties) = preSolution
		HideSolutionNode = FALSE
	EndGlobalSection
	GlobalSection(ExtensibilityGlobals) = postSolution
		SolutionGuid = {79084311-03AB-4974-9267-3C1461700F08}
	EndGlobalSection
EndGlobal
